
Microsoft Visual Studio Solution File, Format Version 11.00
# Visual Studio 2010
Project("{FAE04EC0-301F-11D3-BF4B-00C04F79EFBC}") = "StructureMap.AutoMocking.NSubstitute", "StructureMap.AutoMocking.NSubstitute\StructureMap.AutoMocking.NSubstitute.csproj", "{EAEA6943-02E5-4ED4-B2BE-6E5690D5051C}"
EndProject
Global
	GlobalSection(SolutionConfigurationPlatforms) = preSolution
		Debug|x86 = Debug|x86
		Release|x86 = Release|x86
	EndGlobalSection
	GlobalSection(ProjectConfigurationPlatforms) = postSolution
		{EAEA6943-02E5-4ED4-B2BE-6E5690D5051C}.Debug|x86.ActiveCfg = Debug|x86
		{EAEA6943-02E5-4ED4-B2BE-6E5690D5051C}.Debug|x86.Build.0 = Debug|x86
		{EAEA6943-02E5-4ED4-B2BE-6E5690D5051C}.Release|x86.ActiveCfg = Release|x86
		{EAEA6943-02E5-4ED4-B2BE-6E5690D5051C}.Release|x86.Build.0 = Release|x86
	EndGlobalSection
	GlobalSection(SolutionProperties) = preSolution
		HideSolutionNode = FALSE
	EndGlobalSection
EndGlobal
